# This file is autogenerated, do not edit; changes may be undone by the next 'dep ensure'.


[[projects]]
  branch = "master"
  name = "github.com/alexflint/go-arg"
  packages = ["."]
  revision = "59fccacb2679dde66e0b20ed65bd26178fcbf54e"

[[projects]]
  branch = "master"
  name = "github.com/alexflint/go-scalar"
  packages = ["."]
  revision = "e80c3b7ed292b052c7083b6fd7154a8422c33f65"

[[projects]]
  name = "github.com/aws/aws-sdk-go"
  packages = ["aws/awserr"]
  revision = "ce8d7a13a9e7f883d91c39eb98d4f72021eb48e2"
  version = "v1.12.56"

[[projects]]
  name = "github.com/aws/aws-sdk-go-v2"
  packages = ["aws","aws/awserr","aws/defaults","aws/ec2metadata","aws/ec2rolecreds","aws/endpointcreds","aws/endpoints","aws/external","aws/signer/v4","aws/stscreds","internal/awsutil","internal/sdk","private/protocol","private/protocol/query","private/protocol/query/queryutil","private/protocol/rest","private/protocol/restxml","private/protocol/xml/xmlutil","service/s3","service/sts"]
  revision = "ac26486d921d336e20fec49e2afb348c801f0003"
  version = "v2.0.0-preview.1"

[[projects]]
  name = "github.com/davecgh/go-spew"
  packages = ["spew"]
  revision = "346938d642f2ec3594ed81d874461961cd0faa76"
  version = "v1.1.0"

[[projects]]
  name = "github.com/go-ini/ini"
  packages = ["."]
  revision = "32e4c1e6bc4e7d0d8451aa6b75200d19e37a536a"
  version = "v1.32.0"

[[projects]]
  name = "github.com/gorilla/context"
  packages = ["."]
  revision = "1ea25387ff6f684839d82767c1733ff4d4d15d0a"
  version = "v1.1"

[[projects]]
  name = "github.com/gorilla/mux"
  packages = ["."]
  revision = "7f08801859139f86dfafd1c296e2cba9a80d292e"
  version = "v1.6.0"

[[projects]]
  name = "github.com/jmespath/go-jmespath"
  packages = ["."]
  revision = "0b12d6b5"

[[projects]]
  branch = "master"
  name = "github.com/justinas/alice"
  packages = ["."]
  revision = "03f45bd4b7dad4734bc4620e46a35789349abb20"

[[projects]]
  name = "github.com/lox/httpcache"
  packages = ["."]
  revision = "7518d57353594e5b5bc5a0add40a35737a5bc81c"
  version = "v1.2.0"

[[projects]]
  name = "github.com/pkg/errors"
  packages = ["."]
  revision = "645ef00459ed84a119197bfb8d8205042c6df63d"
  version = "v0.8.0"

[[projects]]
  branch = "master"
  name = "github.com/rainycape/vfs"
  packages = ["."]
  revision = "164487ec47b4f3e03930684ba0e85d7cbec8b751"

[[projects]]
  name = "github.com/rs/xid"
  packages = ["."]
  revision = "02dd45c33376f85d1064355dc790dcc4850596b1"
  version = "v1.1"

[[projects]]
  name = "github.com/rs/zerolog"
  packages = [".","hlog","internal/json","log"]
  revision = "3ac71fc58dbd43122668a912b755b0979ba9ce1f"
  version = "v1.3.0"

[[projects]]
  name = "github.com/zenazn/goji"
  packages = ["web/mutil"]
  revision = "64eb34159fe53473206c2b3e70fe396a639452f2"
  version = "v1.0"

[[projects]]
  branch = "v2"
  name = "gopkg.in/yaml.v2"
  packages = ["."]
  revision = "0e4404da71227dcc02fb1deee803d93e86d08f72"

[solve-meta]
  analyzer-name = "dep"
  analyzer-version = 1
  inputs-digest = "dc8cf9197af1ae9a15a196590d1a8b483e976d52225e7289b7ae2542ba052545"
  solver-name = "gps-cdcl"
  solver-version = 1
